
Microsoft Visual Studio Solution File, Format Version 12.00
# Visual Studio Version 17
VisualStudioVersion = 17.11.35327.3
MinimumVisualStudioVersion = 10.0.40219.1
Project("{FAE04EC0-301F-11D3-BF4B-00C04F79EFBC}") = "proyecto_final", "proyecto_final\proyecto_final.csproj", "{C3CB70D4-65FF-4BF8-BEAD-48D8444541B9}"
EndProject
Global
	GlobalSection(SolutionConfigurationPlatforms) = preSolution
		Debug|Any CPU = Debug|Any CPU
		Release|Any CPU = Release|Any CPU
	EndGlobalSection
	GlobalSection(ProjectConfigurationPlatforms) = postSolution
		{C3CB70D4-65FF-4BF8-BEAD-48D8444541B9}.Debug|Any CPU.ActiveCfg = Debug|Any CPU
		{C3CB70D4-65FF-4BF8-BEAD-48D8444541B9}.Debug|Any CPU.Build.0 = Debug|Any CPU
		{C3CB70D4-65FF-4BF8-BEAD-48D8444541B9}.Release|Any CPU.ActiveCfg = Release|Any CPU
		{C3CB70D4-65FF-4BF8-BEAD-48D8444541B9}.Release|Any CPU.Build.0 = Release|Any CPU
	EndGlobalSection
	GlobalSection(SolutionProperties) = preSolution
		HideSolutionNode = FALSE
	EndGlobalSection
	GlobalSection(ExtensibilityGlobals) = postSolution
		SolutionGuid = {371F46FA-E89F-4A8B-AA73-25BBCB9C6749}
	EndGlobalSection
EndGlobal
