
Microsoft Visual Studio Solution File, Format Version 12.00
# Visual Studio Version 17
VisualStudioVersion = 17.11.35327.3
MinimumVisualStudioVersion = 10.0.40219.1
Project("{FAE04EC0-301F-11D3-BF4B-00C04F79EFBC}") = "academica", "academica\academica.csproj", "{3ADE8DE6-4FDF-47E1-BADB-93399B2A0D96}"
EndProject
Global
	GlobalSection(SolutionConfigurationPlatforms) = preSolution
		Debug|Any CPU = Debug|Any CPU
		Release|Any CPU = Release|Any CPU
	EndGlobalSection
	GlobalSection(ProjectConfigurationPlatforms) = postSolution
		{3ADE8DE6-4FDF-47E1-BADB-93399B2A0D96}.Debug|Any CPU.ActiveCfg = Debug|Any CPU
		{3ADE8DE6-4FDF-47E1-BADB-93399B2A0D96}.Debug|Any CPU.Build.0 = Debug|Any CPU
		{3ADE8DE6-4FDF-47E1-BADB-93399B2A0D96}.Release|Any CPU.ActiveCfg = Release|Any CPU
		{3ADE8DE6-4FDF-47E1-BADB-93399B2A0D96}.Release|Any CPU.Build.0 = Release|Any CPU
	EndGlobalSection
	GlobalSection(SolutionProperties) = preSolution
		HideSolutionNode = FALSE
	EndGlobalSection
	GlobalSection(ExtensibilityGlobals) = postSolution
		SolutionGuid = {65012C9D-1076-4C00-883F-A2EDD08E7D05}
	EndGlobalSection
EndGlobal
